// !$*UTF8*$!
{
	archiveVersion = 1;
	classes = {
	};
	objectVersion = 46;
	objects = {

/* Begin PBXBuildFile section */
		023255701D975169003BEAEE /* AppDelegate.swift in Sources */ = {isa = PBXBuildFile; fileRef = 0232556F1D975169003BEAEE /* AppDelegate.swift */; };
		0232557A1D975169003BEAEE /* LaunchScreen.storyboard in Resources */ = {isa = PBXBuildFile; fileRef = 023255781D975169003BEAEE /* LaunchScreen.storyboard */; };
		023255831D97517F003BEAEE /* Assets.xcassets in Resources */ = {isa = PBXBuildFile; fileRef = 023255811D97517F003BEAEE /* Assets.xcassets */; };
		023255841D97517F003BEAEE /* ViewController.swift in Sources */ = {isa = PBXBuildFile; fileRef = 023255821D97517F003BEAEE /* ViewController.swift */; };
		023255861D97528B003BEAEE /* Main.storyboard in Resources */ = {isa = PBXBuildFile; fileRef = 023255851D97528B003BEAEE /* Main.storyboard */; };
		0254AF451D9759620002ADF9 /* Die.swift in Sources */ = {isa = PBXBuildFile; fileRef = 0254AF441D9759620002ADF9 /* Die.swift */; };
/* End PBXBuildFile section */

/* Begin PBXFileReference section */
		0232556C1D975169003BEAEE /* DicePass.app */ = {isa = PBXFileReference; explicitFileType = wrapper.application; includeInIndex = 0; path = DicePass.app; sourceTree = BUILT_PRODUCTS_DIR; };
		0232556F1D975169003BEAEE /* AppDelegate.swift */ = {isa = PBXFileReference; lastKnownFileType = sourcecode.swift; path = AppDelegate.swift; sourceTree = "<group>"; };
		023255791D975169003BEAEE /* Base */ = {isa = PBXFileReference; lastKnownFileType = file.storyboard; name = Base; path = Base.lproj/LaunchScreen.storyboard; sourceTree = "<group>"; };
		0232557B1D975169003BEAEE /* Info.plist */ = {isa = PBXFileReference; lastKnownFileType = text.plist.xml; path = Info.plist; sourceTree = "<group>"; };
		023255811D97517F003BEAEE /* Assets.xcassets */ = {isa = PBXFileReference; lastKnownFileType = folder.assetcatalog; path = Assets.xcassets; sourceTree = "<group>"; };
		023255821D97517F003BEAEE /* ViewController.swift */ = {isa = PBXFileReference; fileEncoding = 4; lastKnownFileType = sourcecode.swift; path = ViewController.swift; sourceTree = "<group>"; };
		023255851D97528B003BEAEE /* Main.storyboard */ = {isa = PBXFileReference; fileEncoding = 4; lastKnownFileType = file.storyboard; path = Main.storyboard; sourceTree = "<group>"; };
		0254AF441D9759620002ADF9 /* Die.swift */ = {isa = PBXFileReference; fileEncoding = 4; lastKnownFileType = sourcecode.swift; path = Die.swift; sourceTree = "<group>"; };
/* End PBXFileReference section */

/* Begin PBXFrameworksBuildPhase section */
		023255691D975169003BEAEE /* Frameworks */ = {
			isa = PBXFrameworksBuildPhase;
			buildActionMask = 2147483647;
			files = (
			);
			runOnlyForDeploymentPostprocessing = 0;
		};
/* End PBXFrameworksBuildPhase section */

/* Begin PBXGroup section */
		023255631D975169003BEAEE = {
			isa = PBXGroup;
			children = (
				0232556E1D975169003BEAEE /* DicePass */,
				0232556D1D975169003BEAEE /* Products */,
			);
			sourceTree = "<group>";
		};
		0232556D1D975169003BEAEE /* Products */ = {
			isa = PBXGroup;
			children = (
				0232556C1D975169003BEAEE /* DicePass.app */,
			);
			name = Products;
			sourceTree = "<group>";
		};
		0232556E1D975169003BEAEE /* DicePass */ = {
			isa = PBXGroup;
			children = (
				023255851D97528B003BEAEE /* Main.storyboard */,
				023255811D97517F003BEAEE /* Assets.xcassets */,
				023255821D97517F003BEAEE /* ViewController.swift */,
				0254AF441D9759620002ADF9 /* Die.swift */,
				0232556F1D975169003BEAEE /* AppDelegate.swift */,
				023255781D975169003BEAEE /* LaunchScreen.storyboard */,
				0232557B1D975169003BEAEE /* Info.plist */,
			);
			path = DicePass;
			sourceTree = "<group>";
		};
/* End PBXGroup section */

/* Begin PBXNativeTarget section */
		0232556B1D975169003BEAEE /* DicePass */ = {
			isa = PBXNativeTarget;
			buildConfigurationList = 0232557E1D975169003BEAEE /* Build configuration list for PBXNativeTarget "DicePass" */;
			buildPhases = (
				023255681D975169003BEAEE /* Sources */,
				023255691D975169003BEAEE /* Frameworks */,
				0232556A1D975169003BEAEE /* Resources */,
			);
			buildRules = (
			);
			dependencies = (
			);
			name = DicePass;
			productName = DicePass;
			productReference = 0232556C1D975169003BEAEE /* DicePass.app */;
			productType = "com.apple.product-type.application";
		};
/* End PBXNativeTarget section */

/* Begin PBXProject section */
		023255641D975169003BEAEE /* Project object */ = {
			isa = PBXProject;
			attributes = {
				LastSwiftUpdateCheck = 0800;
				LastUpgradeCheck = 1250;
				ORGANIZATIONNAME = "Alex Fox";
				TargetAttributes = {
					0232556B1D975169003BEAEE = {
						CreatedOnToolsVersion = 8.0;
						DevelopmentTeam = MSAG5KPFBE;
						ProvisioningStyle = Automatic;
					};
				};
			};
			buildConfigurationList = 023255671D975169003BEAEE /* Build configuration list for PBXProject "DicePass" */;
			compatibilityVersion = "Xcode 3.2";
			developmentRegion = en;
			hasScannedForEncodings = 0;
			knownRegions = (
				en,
				Base,
			);
			mainGroup = 023255631D975169003BEAEE;
			productRefGroup = 0232556D1D975169003BEAEE /* Products */;
			projectDirPath = "";
			projectRoot = "";
			targets = (
				0232556B1D975169003BEAEE /* DicePass */,
			);
		};
/* End PBXProject section */

/* Begin PBXResourcesBuildPhase section */
		0232556A1D975169003BEAEE /* Resources */ = {
			isa = PBXResourcesBuildPhase;
			buildActionMask = 2147483647;
			files = (
				023255861D97528B003BEAEE /* Main.storyboard in Resources */,
				0232557A1D975169003BEAEE /* LaunchScreen.storyboard in Resources */,
				023255831D97517F003BEAEE /* Assets.xcassets in Resources */,
			);
			runOnlyForDeploymentPostprocessing = 0;
		};
/* End PBXResourcesBuildPhase section */

/* Begin PBXSourcesBuildPhase section */
		023255681D975169003BEAEE /* Sources */ = {
			isa = PBXSourcesBuildPhase;
			buildActionMask = 2147483647;
			files = (
				023255841D97517F003BEAEE /* ViewController.swift in Sources */,
				023255701D975169003BEAEE /* AppDelegate.swift in Sources */,
				0254AF451D9759620002ADF9 /* Die.swift in Sources */,
			);
			runOnlyForDeploymentPostprocessing = 0;
		};
/* End PBXSourcesBuildPhase section */

/* Begin PBXVariantGroup section */
		023255781D975169003BEAEE /* LaunchScreen.storyboard */ = {
			isa = PBXVariantGroup;
			children = (
				023255791D975169003BEAEE /* Base */,
			);
			name = LaunchScreen.storyboard;
			sourceTree = "<group>";
		};
/* End PBXVariantGroup section */

/* Begin XCBuildConfiguration section */
		0232557C1D975169003BEAEE /* Debug */ = {
			isa = XCBuildConfiguration;
			buildSettings = {
				ALWAYS_SEARCH_USER_PATHS = NO;
				CLANG_ANALYZER_NONNULL = YES;
				CLANG_CXX_LANGUAGE_STANDARD = "gnu++0x";
				CLANG_CXX_LIBRARY = "libc++";
				CLANG_ENABLE_MODULES = YES;
				CLANG_ENABLE_OBJC_ARC = YES;
				CLANG_WARN_BLOCK_CAPTURE_AUTORELEASING = YES;
				CLANG_WARN_BOOL_CONVERSION = YES;
				CLANG_WARN_COMMA = YES;
				CLANG_WARN_CONSTANT_CONVERSION = YES;
				CLANG_WARN_DEPRECATED_OBJC_IMPLEMENTATIONS = YES;
				CLANG_WARN_DIRECT_OBJC_ISA_USAGE = YES_ERROR;
				CLANG_WARN_DOCUMENTATION_COMMENTS = YES;
				CLANG_WARN_EMPTY_BODY = YES;
				CLANG_WARN_ENUM_CONVERSION = YES;
				CLANG_WARN_INFINITE_RECURSION = YES;
				CLANG_WARN_INT_CONVERSION = YES;
				CLANG_WARN_NON_LITERAL_NULL_CONVERSION = YES;
				CLANG_WARN_OBJC_IMPLICIT_RETAIN_SELF = YES;
				CLANG_WARN_OBJC_LITERAL_CONVERSION = YES;
				CLANG_WARN_OBJC_ROOT_CLASS = YES_ERROR;
				CLANG_WARN_QUOTED_INCLUDE_IN_FRAMEWORK_HEADER = YES;
				CLANG_WARN_RANGE_LOOP_ANALYSIS = YES;
				CLANG_WARN_STRICT_PROTOTYPES = YES;
				CLANG_WARN_SUSPICIOUS_MOVE = YES;
				CLANG_WARN_SUSPICIOUS_MOVES = YES;
				CLANG_WARN_UNREACHABLE_CODE = YES;
				CLANG_WARN__DUPLICATE_METHOD_MATCH = YES;
				"CODE_SIGN_IDENTITY[sdk=iphoneos*]" = "iPhone Developer";
				COPY_PHASE_STRIP = NO;
				DEBUG_INFORMATION_FORMAT = dwarf;
				ENABLE_STRICT_OBJC_MSGSEND = YES;
				ENABLE_TESTABILITY = YES;
				GCC_C_LANGUAGE_STANDARD = gnu99;
				GCC_DYNAMIC_NO_PIC = NO;
				GCC_NO_COMMON_BLOCKS = YES;
				GCC_OPTIMIZATION_LEVEL = 0;
				GCC_PREPROCESSOR_DEFINITIONS = (
					"DEBUG=1",
					"$(inherited)",
				);
				GCC_WARN_64_TO_32_BIT_CONVERSION = YES;
				GCC_WARN_ABOUT_RETURN_TYPE = YES_ERROR;
				GCC_WARN_UNDECLARED_SELECTOR = YES;
				GCC_WARN_UNINITIALIZED_AUTOS = YES_AGGRESSIVE;
				GCC_WARN_UNUSED_FUNCTION = YES;
				GCC_WARN_UNUSED_VARIABLE = YES;
				IPHONEOS_DEPLOYMENT_TARGET = 12.0;
				MTL_ENABLE_DEBUG_INFO = YES;
				ONLY_ACTIVE_ARCH = YES;
				SDKROOT = iphoneos;
				SWIFT_ACTIVE_COMPILATION_CONDITIONS = DEBUG;
				SWIFT_OPTIMIZATION_LEVEL = "-Onone";
				SWIFT_VERSION = 5.0;
				TARGETED_DEVICE_FAMILY = "1,2";
			};
			name = Debug;
		};
		0232557D1D975169003BEAEE /* Release */ = {
			isa = XCBuildConfiguration;
			buildSettings = {
				ALWAYS_SEARCH_USER_PATHS = NO;
				CLANG_ANALYZER_NONNULL = YES;
				CLANG_CXX_LANGUAGE_STANDARD = "gnu++0x";
				CLANG_CXX_LIBRARY = "libc++";
				CLANG_ENABLE_MODULES = YES;
				CLANG_ENABLE_OBJC_ARC = YES;
				CLANG_WARN_BLOCK_CAPTURE_AUTORELEASING = YES;
				CLANG_WARN_BOOL_CONVERSION = YES;
				CLANG_WARN_COMMA = YES;
				CLANG_WARN_CONSTANT_CONVERSION = YES;
				CLANG_WARN_DEPRECATED_OBJC_IMPLEMENTATIONS = YES;
				CLANG_WARN_DIRECT_OBJC_ISA_USAGE = YES_ERROR;
				CLANG_WARN_DOCUMENTATION_COMMENTS = YES;
				CLANG_WARN_EMPTY_BODY = YES;
				CLANG_WARN_ENUM_CONVERSION = YES;
				CLANG_WARN_INFINITE_RECURSION = YES;
				CLANG_WARN_INT_CONVERSION = YES;
				CLANG_WARN_NON_LITERAL_NULL_CONVERSION = YES;
				CLANG_WARN_OBJC_IMPLICIT_RETAIN_SELF = YES;
				CLANG_WARN_OBJC_LITERAL_CONVERSION = YES;
				CLANG_WARN_OBJC_ROOT_CLASS = YES_ERROR;
				CLANG_WARN_QUOTED_INCLUDE_IN_FRAMEWORK_HEADER = YES;
				CLANG_WARN_RANGE_LOOP_ANALYSIS = YES;
				CLANG_WARN_STRICT_PROTOTYPES = YES;
				CLANG_WARN_SUSPICIOUS_MOVE = YES;
				CLANG_WARN_SUSPICIOUS_MOVES = YES;
				CLANG_WARN_UNREACHABLE_CODE = YES;
				CLANG_WARN__DUPLICATE_METHOD_MATCH = YES;
				"CODE_SIGN_IDENTITY[sdk=iphoneos*]" = "iPhone Developer";
				COPY_PHASE_STRIP = NO;
				DEBUG_INFORMATION_FORMAT = "dwarf-with-dsym";
				ENABLE_NS_ASSERTIONS = NO;
				ENABLE_STRICT_OBJC_MSGSEND = YES;
				GCC_C_LANGUAGE_STANDARD = gnu99;
				GCC_NO_COMMON_BLOCKS = YES;
				GCC_WARN_64_TO_32_BIT_CONVERSION = YES;
				GCC_WARN_ABOUT_RETURN_TYPE = YES_ERROR;
				GCC_WARN_UNDECLARED_SELECTOR = YES;
				GCC_WARN_UNINITIALIZED_AUTOS = YES_AGGRESSIVE;
				GCC_WARN_UNUSED_FUNCTION = YES;
				GCC_WARN_UNUSED_VARIABLE = YES;
				IPHONEOS_DEPLOYMENT_TARGET = 12.0;
				MTL_ENABLE_DEBUG_INFO = NO;
				SDKROOT = iphoneos;
				SWIFT_OPTIMIZATION_LEVEL = "-Owholemodule";
				SWIFT_VERSION = 5.0;
				TARGETED_DEVICE_FAMILY = "1,2";
				VALIDATE_PRODUCT = YES;
			};
			name = Release;
		};
		0232557F1D975169003BEAEE /* Debug */ = {
			isa = XCBuildConfiguration;
			buildSettings = {
				ASSETCATALOG_COMPILER_APPICON_NAME = AppIcon;
				DEVELOPMENT_TEAM = MSAG5KPFBE;
				INFOPLIST_FILE = DicePass/Info.plist;
				LD_RUNPATH_SEARCH_PATHS = "$(inherited) @executable_path/Frameworks";
				PRODUCT_BUNDLE_IDENTIFIER = com.foxcraftings.DicePass;
				PRODUCT_NAME = "$(TARGET_NAME)";
				SWIFT_VERSION = 5.0;
			};
			name = Debug;
		};
		023255801D975169003BEAEE /* Release */ = {
			isa = XCBuildConfiguration;
			buildSettings = {
				ASSETCATALOG_COMPILER_APPICON_NAME = AppIcon;
				DEVELOPMENT_TEAM = MSAG5KPFBE;
				INFOPLIST_FILE = DicePass/Info.plist;
				LD_RUNPATH_SEARCH_PATHS = "$(inherited) @executable_path/Frameworks";
				PRODUCT_BUNDLE_IDENTIFIER = com.foxcraftings.DicePass;
				PRODUCT_NAME = "$(TARGET_NAME)";
				SWIFT_VERSION = 5.0;
			};
			name = Release;
		};
/* End XCBuildConfiguration section */

/* Begin XCConfigurationList section */
		023255671D975169003BEAEE /* Build configuration list for PBXProject "DicePass" */ = {
			isa = XCConfigurationList;
			buildConfigurations = (
				0232557C1D975169003BEAEE /* Debug */,
				0232557D1D975169003BEAEE /* Release */,
			);
			defaultConfigurationIsVisible = 0;
			defaultConfigurationName = Release;
		};
		0232557E1D975169003BEAEE /* Build configuration list for PBXNativeTarget "DicePass" */ = {
			isa = XCConfigurationList;
			buildConfigurations = (
				0232557F1D975169003BEAEE /* Debug */,
				023255801D975169003BEAEE /* Release */,
			);
			defaultConfigurationIsVisible = 0;
			defaultConfigurationName = Release;
		};
/* End XCConfigurationList section */
	};
	rootObject = 023255641D975169003BEAEE /* Project object */;
}
